// !$*UTF8*$!
{
	archiveVersion = 1;
	classes = {
	};
	objectVersion = 46;
	objects = {

/* Begin PBXBuildFile section */
		20B10EC11A238A3000BCC841 /* CNNotificationsViewController.m in Sources */ = {isa = PBXBuildFile; fileRef = 20B10EC01A238A3000BCC841 /* CNNotificationsViewController.m */; };
		20B10EC41A238A4500BCC841 /* CNAddressViewController.m in Sources */ = {isa = PBXBuildFile; fileRef = 20B10EC31A238A4500BCC841 /* CNAddressViewController.m */; };
		2438E5DD8A3EFB930B5E2A33 /* libPods-Hello Chain.a in Frameworks */ = {isa = PBXBuildFile; fileRef = DE59797B034167AC082D4C25 /* libPods-Hello Chain.a */; };
		C9FC5869193D3B4D0004D213 /* Foundation.framework in Frameworks */ = {isa = PBXBuildFile; fileRef = C9FC5868193D3B4D0004D213 /* Foundation.framework */; };
		C9FC586B193D3B4D0004D213 /* CoreGraphics.framework in Frameworks */ = {isa = PBXBuildFile; fileRef = C9FC586A193D3B4D0004D213 /* CoreGraphics.framework */; };
		C9FC586D193D3B4D0004D213 /* UIKit.framework in Frameworks */ = {isa = PBXBuildFile; fileRef = C9FC586C193D3B4D0004D213 /* UIKit.framework */; };
		C9FC5873193D3B4D0004D213 /* InfoPlist.strings in Resources */ = {isa = PBXBuildFile; fileRef = C9FC5871193D3B4D0004D213 /* InfoPlist.strings */; };
		C9FC5875193D3B4D0004D213 /* main.m in Sources */ = {isa = PBXBuildFile; fileRef = C9FC5874193D3B4D0004D213 /* main.m */; };
		C9FC5879193D3B4D0004D213 /* CNAppDelegate.m in Sources */ = {isa = PBXBuildFile; fileRef = C9FC5878193D3B4D0004D213 /* CNAppDelegate.m */; };
		C9FC587C193D3B4D0004D213 /* Main.storyboard in Resources */ = {isa = PBXBuildFile; fileRef = C9FC587A193D3B4D0004D213 /* Main.storyboard */; };
		C9FC5881193D3B4D0004D213 /* Images.xcassets in Resources */ = {isa = PBXBuildFile; fileRef = C9FC5880193D3B4D0004D213 /* Images.xcassets */; };
/* End PBXBuildFile section */

/* Begin PBXFileReference section */
		20B10EBF1A238A3000BCC841 /* CNNotificationsViewController.h */ = {isa = PBXFileReference; fileEncoding = 4; lastKnownFileType = sourcecode.c.h; path = CNNotificationsViewController.h; sourceTree = "<group>"; };
		20B10EC01A238A3000BCC841 /* CNNotificationsViewController.m */ = {isa = PBXFileReference; fileEncoding = 4; lastKnownFileType = sourcecode.c.objc; path = CNNotificationsViewController.m; sourceTree = "<group>"; };
		20B10EC21A238A4500BCC841 /* CNAddressViewController.h */ = {isa = PBXFileReference; fileEncoding = 4; lastKnownFileType = sourcecode.c.h; path = CNAddressViewController.h; sourceTree = "<group>"; };
		20B10EC31A238A4500BCC841 /* CNAddressViewController.m */ = {isa = PBXFileReference; fileEncoding = 4; lastKnownFileType = sourcecode.c.objc; path = CNAddressViewController.m; sourceTree = "<group>"; };
		5C9CE3D3B5FD626514687D8D /* Pods-Hello Chain.debug.xcconfig */ = {isa = PBXFileReference; includeInIndex = 1; lastKnownFileType = text.xcconfig; name = "Pods-Hello Chain.debug.xcconfig"; path = "Pods/Target Support Files/Pods-Hello Chain/Pods-Hello Chain.debug.xcconfig"; sourceTree = "<group>"; };
		C9FC5865193D3B4D0004D213 /* Hello Chain.app */ = {isa = PBXFileReference; explicitFileType = wrapper.application; includeInIndex = 0; path = "Hello Chain.app"; sourceTree = BUILT_PRODUCTS_DIR; };
		C9FC5868193D3B4D0004D213 /* Foundation.framework */ = {isa = PBXFileReference; lastKnownFileType = wrapper.framework; name = Foundation.framework; path = System/Library/Frameworks/Foundation.framework; sourceTree = SDKROOT; };
		C9FC586A193D3B4D0004D213 /* CoreGraphics.framework */ = {isa = PBXFileReference; lastKnownFileType = wrapper.framework; name = CoreGraphics.framework; path = System/Library/Frameworks/CoreGraphics.framework; sourceTree = SDKROOT; };
		C9FC586C193D3B4D0004D213 /* UIKit.framework */ = {isa = PBXFileReference; lastKnownFileType = wrapper.framework; name = UIKit.framework; path = System/Library/Frameworks/UIKit.framework; sourceTree = SDKROOT; };
		C9FC5870193D3B4D0004D213 /* Hello Chain-Info.plist */ = {isa = PBXFileReference; lastKnownFileType = text.plist.xml; path = "Hello Chain-Info.plist"; sourceTree = "<group>"; };
		C9FC5872193D3B4D0004D213 /* en */ = {isa = PBXFileReference; lastKnownFileType = text.plist.strings; name = en; path = en.lproj/InfoPlist.strings; sourceTree = "<group>"; };
		C9FC5874193D3B4D0004D213 /* main.m */ = {isa = PBXFileReference; lastKnownFileType = sourcecode.c.objc; path = main.m; sourceTree = "<group>"; };
		C9FC5876193D3B4D0004D213 /* Hello Chain-Prefix.pch */ = {isa = PBXFileReference; lastKnownFileType = sourcecode.c.h; path = "Hello Chain-Prefix.pch"; sourceTree = "<group>"; };
		C9FC5877193D3B4D0004D213 /* CNAppDelegate.h */ = {isa = PBXFileReference; lastKnownFileType = sourcecode.c.h; path = CNAppDelegate.h; sourceTree = "<group>"; };
		C9FC5878193D3B4D0004D213 /* CNAppDelegate.m */ = {isa = PBXFileReference; lastKnownFileType = sourcecode.c.objc; path = CNAppDelegate.m; sourceTree = "<group>"; };
		C9FC587B193D3B4D0004D213 /* Base */ = {isa = PBXFileReference; lastKnownFileType = file.storyboard; name = Base; path = Base.lproj/Main.storyboard; sourceTree = "<group>"; };
		C9FC5880193D3B4D0004D213 /* Images.xcassets */ = {isa = PBXFileReference; lastKnownFileType = folder.assetcatalog; path = Images.xcassets; sourceTree = "<group>"; };
		C9FC5887193D3B4D0004D213 /* XCTest.framework */ = {isa = PBXFileReference; lastKnownFileType = wrapper.framework; name = XCTest.framework; path = Library/Frameworks/XCTest.framework; sourceTree = DEVELOPER_DIR; };
		D63C07826B6143673E64ECC5 /* Pods-Hello Chain.release.xcconfig */ = {isa = PBXFileReference; includeInIndex = 1; lastKnownFileType = text.xcconfig; name = "Pods-Hello Chain.release.xcconfig"; path = "Pods/Target Support Files/Pods-Hello Chain/Pods-Hello Chain.release.xcconfig"; sourceTree = "<group>"; };
		DE59797B034167AC082D4C25 /* libPods-Hello Chain.a */ = {isa = PBXFileReference; explicitFileType = archive.ar; includeInIndex = 0; path = "libPods-Hello Chain.a"; sourceTree = BUILT_PRODUCTS_DIR; };
/* End PBXFileReference section */

/* Begin PBXFrameworksBuildPhase section */
		C9FC5862193D3B4D0004D213 /* Frameworks */ = {
			isa = PBXFrameworksBuildPhase;
			buildActionMask = 2147483647;
			files = (
				C9FC586B193D3B4D0004D213 /* CoreGraphics.framework in Frameworks */,
				C9FC586D193D3B4D0004D213 /* UIKit.framework in Frameworks */,
				C9FC5869193D3B4D0004D213 /* Foundation.framework in Frameworks */,
				2438E5DD8A3EFB930B5E2A33 /* libPods-Hello Chain.a in Frameworks */,
			);
			runOnlyForDeploymentPostprocessing = 0;
		};
/* End PBXFrameworksBuildPhase section */

/* Begin PBXGroup section */
		2AB5B10B5009DBCC260F2442 /* Pods */ = {
			isa = PBXGroup;
			children = (
				5C9CE3D3B5FD626514687D8D /* Pods-Hello Chain.debug.xcconfig */,
				D63C07826B6143673E64ECC5 /* Pods-Hello Chain.release.xcconfig */,
			);
			name = Pods;
			sourceTree = "<group>";
		};
		C9FC585C193D3B4D0004D213 = {
			isa = PBXGroup;
			children = (
				C9FC586E193D3B4D0004D213 /* Hello Chain */,
				C9FC5867193D3B4D0004D213 /* Frameworks */,
				C9FC5866193D3B4D0004D213 /* Products */,
				2AB5B10B5009DBCC260F2442 /* Pods */,
			);
			sourceTree = "<group>";
		};
		C9FC5866193D3B4D0004D213 /* Products */ = {
			isa = PBXGroup;
			children = (
				C9FC5865193D3B4D0004D213 /* Hello Chain.app */,
			);
			name = Products;
			sourceTree = "<group>";
		};
		C9FC5867193D3B4D0004D213 /* Frameworks */ = {
			isa = PBXGroup;
			children = (
				C9FC5868193D3B4D0004D213 /* Foundation.framework */,
				C9FC586A193D3B4D0004D213 /* CoreGraphics.framework */,
				C9FC586C193D3B4D0004D213 /* UIKit.framework */,
				C9FC5887193D3B4D0004D213 /* XCTest.framework */,
				DE59797B034167AC082D4C25 /* libPods-Hello Chain.a */,
			);
			name = Frameworks;
			sourceTree = "<group>";
		};
		C9FC586E193D3B4D0004D213 /* Hello Chain */ = {
			isa = PBXGroup;
			children = (
				C9FC5877193D3B4D0004D213 /* CNAppDelegate.h */,
				C9FC5878193D3B4D0004D213 /* CNAppDelegate.m */,
				C9FC587A193D3B4D0004D213 /* Main.storyboard */,
				20B10EC21A238A4500BCC841 /* CNAddressViewController.h */,
				20B10EC31A238A4500BCC841 /* CNAddressViewController.m */,
				20B10EBF1A238A3000BCC841 /* CNNotificationsViewController.h */,
				20B10EC01A238A3000BCC841 /* CNNotificationsViewController.m */,
				C9FC5880193D3B4D0004D213 /* Images.xcassets */,
				C9FC586F193D3B4D0004D213 /* Supporting Files */,
			);
			path = "Hello Chain";
			sourceTree = "<group>";
		};
		C9FC586F193D3B4D0004D213 /* Supporting Files */ = {
			isa = PBXGroup;
			children = (
				C9FC5870193D3B4D0004D213 /* Hello Chain-Info.plist */,
				C9FC5871193D3B4D0004D213 /* InfoPlist.strings */,
				C9FC5874193D3B4D0004D213 /* main.m */,
				C9FC5876193D3B4D0004D213 /* Hello Chain-Prefix.pch */,
			);
			name = "Supporting Files";
			sourceTree = "<group>";
		};
/* End PBXGroup section */

/* Begin PBXNativeTarget section */
		C9FC5864193D3B4D0004D213 /* Hello Chain */ = {
			isa = PBXNativeTarget;
			buildConfigurationList = C9FC5897193D3B4D0004D213 /* Build configuration list for PBXNativeTarget "Hello Chain" */;
			buildPhases = (
				E6E1F7E1AEE023B52837BCA1 /* Check Pods Manifest.lock */,
				C9FC5861193D3B4D0004D213 /* Sources */,
				C9FC5862193D3B4D0004D213 /* Frameworks */,
				C9FC5863193D3B4D0004D213 /* Resources */,
				070F3568B6D9AB8AD01A2FF8 /* Copy Pods Resources */,
			);
			buildRules = (
			);
			dependencies = (
			);
			name = "Hello Chain";
			productName = "Hello Chain";
			productReference = C9FC5865193D3B4D0004D213 /* Hello Chain.app */;
			productType = "com.apple.product-type.application";
		};
/* End PBXNativeTarget section */

/* Begin PBXProject section */
		C9FC585D193D3B4D0004D213 /* Project object */ = {
			isa = PBXProject;
			attributes = {
				CLASSPREFIX = CN;
				LastUpgradeCheck = 0510;
				ORGANIZATIONNAME = Chain;
			};
			buildConfigurationList = C9FC5860193D3B4D0004D213 /* Build configuration list for PBXProject "Hello Chain" */;
			compatibilityVersion = "Xcode 3.2";
			developmentRegion = English;
			hasScannedForEncodings = 0;
			knownRegions = (
				en,
				Base,
			);
			mainGroup = C9FC585C193D3B4D0004D213;
			productRefGroup = C9FC5866193D3B4D0004D213 /* Products */;
			projectDirPath = "";
			projectRoot = "";
			targets = (
				C9FC5864193D3B4D0004D213 /* Hello Chain */,
			);
		};
/* End PBXProject section */

/* Begin PBXResourcesBuildPhase section */
		C9FC5863193D3B4D0004D213 /* Resources */ = {
			isa = PBXResourcesBuildPhase;
			buildActionMask = 2147483647;
			files = (
				C9FC5881193D3B4D0004D213 /* Images.xcassets in Resources */,
				C9FC5873193D3B4D0004D213 /* InfoPlist.strings in Resources */,
				C9FC587C193D3B4D0004D213 /* Main.storyboard in Resources */,
			);
			runOnlyForDeploymentPostprocessing = 0;
		};
/* End PBXResourcesBuildPhase section */

/* Begin PBXShellScriptBuildPhase section */
		070F3568B6D9AB8AD01A2FF8 /* Copy Pods Resources */ = {
			isa = PBXShellScriptBuildPhase;
			buildActionMask = 2147483647;
			files = (
			);
			inputPaths = (
			);
			name = "Copy Pods Resources";
			outputPaths = (
			);
			runOnlyForDeploymentPostprocessing = 0;
			shellPath = /bin/sh;
			shellScript = "\"${SRCROOT}/Pods/Target Support Files/Pods-Hello Chain/Pods-Hello Chain-resources.sh\"\n";
			showEnvVarsInLog = 0;
		};
		E6E1F7E1AEE023B52837BCA1 /* Check Pods Manifest.lock */ = {
			isa = PBXShellScriptBuildPhase;
			buildActionMask = 2147483647;
			files = (
			);
			inputPaths = (
			);
			name = "Check Pods Manifest.lock";
			outputPaths = (
			);
			runOnlyForDeploymentPostprocessing = 0;
			shellPath = /bin/sh;
			shellScript = "diff \"${PODS_ROOT}/../Podfile.lock\" \"${PODS_ROOT}/Manifest.lock\" > /dev/null\nif [[ $? != 0 ]] ; then\n    cat << EOM\nerror: The sandbox is not in sync with the Podfile.lock. Run 'pod install' or update your CocoaPods installation.\nEOM\n    exit 1\nfi\n";
			showEnvVarsInLog = 0;
		};
/* End PBXShellScriptBuildPhase section */

/* Begin PBXSourcesBuildPhase section */
		C9FC5861193D3B4D0004D213 /* Sources */ = {
			isa = PBXSourcesBuildPhase;
			buildActionMask = 2147483647;
			files = (
				20B10EC11A238A3000BCC841 /* CNNotificationsViewController.m in Sources */,
				20B10EC41A238A4500BCC841 /* CNAddressViewController.m in Sources */,
				C9FC5875193D3B4D0004D213 /* main.m in Sources */,
				C9FC5879193D3B4D0004D213 /* CNAppDelegate.m in Sources */,
			);
			runOnlyForDeploymentPostprocessing = 0;
		};
/* End PBXSourcesBuildPhase section */

/* Begin PBXVariantGroup section */
		C9FC5871193D3B4D0004D213 /* InfoPlist.strings */ = {
			isa = PBXVariantGroup;
			children = (
				C9FC5872193D3B4D0004D213 /* en */,
			);
			name = InfoPlist.strings;
			sourceTree = "<group>";
		};
		C9FC587A193D3B4D0004D213 /* Main.storyboard */ = {
			isa = PBXVariantGroup;
			children = (
				C9FC587B193D3B4D0004D213 /* Base */,
			);
			name = Main.storyboard;
			sourceTree = "<group>";
		};
/* End PBXVariantGroup section */

/* Begin XCBuildConfiguration section */
		C9FC5895193D3B4D0004D213 /* Debug */ = {
			isa = XCBuildConfiguration;
			buildSettings = {
				ALWAYS_SEARCH_USER_PATHS = NO;
				CLANG_CXX_LANGUAGE_STANDARD = "gnu++0x";
				CLANG_CXX_LIBRARY = "libc++";
				CLANG_ENABLE_MODULES = YES;
				CLANG_ENABLE_OBJC_ARC = YES;
				CLANG_WARN_BOOL_CONVERSION = YES;
				CLANG_WARN_CONSTANT_CONVERSION = YES;
				CLANG_WARN_DIRECT_OBJC_ISA_USAGE = YES_ERROR;
				CLANG_WARN_EMPTY_BODY = YES;
				CLANG_WARN_ENUM_CONVERSION = YES;
				CLANG_WARN_INT_CONVERSION = YES;
				CLANG_WARN_OBJC_ROOT_CLASS = YES_ERROR;
				CLANG_WARN__DUPLICATE_METHOD_MATCH = YES;
				"CODE_SIGN_IDENTITY[sdk=iphoneos*]" = "iPhone Developer";
				COPY_PHASE_STRIP = NO;
				GCC_C_LANGUAGE_STANDARD = gnu99;
				GCC_DYNAMIC_NO_PIC = NO;
				GCC_OPTIMIZATION_LEVEL = 0;
				GCC_PREPROCESSOR_DEFINITIONS = (
					"DEBUG=1",
					"$(inherited)",
				);
				GCC_SYMBOLS_PRIVATE_EXTERN = NO;
				GCC_WARN_64_TO_32_BIT_CONVERSION = YES;
				GCC_WARN_ABOUT_RETURN_TYPE = YES_ERROR;
				GCC_WARN_UNDECLARED_SELECTOR = YES;
				GCC_WARN_UNINITIALIZED_AUTOS = YES_AGGRESSIVE;
				GCC_WARN_UNUSED_FUNCTION = YES;
				GCC_WARN_UNUSED_VARIABLE = YES;
				IPHONEOS_DEPLOYMENT_TARGET = 7.1;
				ONLY_ACTIVE_ARCH = YES;
				SDKROOT = iphoneos;
			};
			name = Debug;
		};
		C9FC5896193D3B4D0004D213 /* Release */ = {
			isa = XCBuildConfiguration;
			buildSettings = {
				ALWAYS_SEARCH_USER_PATHS = NO;
				CLANG_CXX_LANGUAGE_STANDARD = "gnu++0x";
				CLANG_CXX_LIBRARY = "libc++";
				CLANG_ENABLE_MODULES = YES;
				CLANG_ENABLE_OBJC_ARC = YES;
				CLANG_WARN_BOOL_CONVERSION = YES;
				CLANG_WARN_CONSTANT_CONVERSION = YES;
				CLANG_WARN_DIRECT_OBJC_ISA_USAGE = YES_ERROR;
				CLANG_WARN_EMPTY_BODY = YES;
				CLANG_WARN_ENUM_CONVERSION = YES;
				CLANG_WARN_INT_CONVERSION = YES;
				CLANG_WARN_OBJC_ROOT_CLASS = YES_ERROR;
				CLANG_WARN__DUPLICATE_METHOD_MATCH = YES;
				"CODE_SIGN_IDENTITY[sdk=iphoneos*]" = "iPhone Developer";
				COPY_PHASE_STRIP = YES;
				ENABLE_NS_ASSERTIONS = NO;
				GCC_C_LANGUAGE_STANDARD = gnu99;
				GCC_WARN_64_TO_32_BIT_CONVERSION = YES;
				GCC_WARN_ABOUT_RETURN_TYPE = YES_ERROR;
				GCC_WARN_UNDECLARED_SELECTOR = YES;
				GCC_WARN_UNINITIALIZED_AUTOS = YES_AGGRESSIVE;
				GCC_WARN_UNUSED_FUNCTION = YES;
				GCC_WARN_UNUSED_VARIABLE = YES;
				IPHONEOS_DEPLOYMENT_TARGET = 7.1;
				SDKROOT = iphoneos;
				VALIDATE_PRODUCT = YES;
			};
			name = Release;
		};
		C9FC5898193D3B4D0004D213 /* Debug */ = {
			isa = XCBuildConfiguration;
			baseConfigurationReference = 5C9CE3D3B5FD626514687D8D /* Pods-Hello Chain.debug.xcconfig */;
			buildSettings = {
				ASSETCATALOG_COMPILER_APPICON_NAME = AppIcon;
				ASSETCATALOG_COMPILER_LAUNCHIMAGE_NAME = LaunchImage;
				GCC_PRECOMPILE_PREFIX_HEADER = YES;
				GCC_PREFIX_HEADER = "Hello Chain/Hello Chain-Prefix.pch";
				INFOPLIST_FILE = "Hello Chain/Hello Chain-Info.plist";
				PRODUCT_NAME = "$(TARGET_NAME)";
				WRAPPER_EXTENSION = app;
			};
			name = Debug;
		};
		C9FC5899193D3B4D0004D213 /* Release */ = {
			isa = XCBuildConfiguration;
			baseConfigurationReference = D63C07826B6143673E64ECC5 /* Pods-Hello Chain.release.xcconfig */;
			buildSettings = {
				ASSETCATALOG_COMPILER_APPICON_NAME = AppIcon;
				ASSETCATALOG_COMPILER_LAUNCHIMAGE_NAME = LaunchImage;
				GCC_PRECOMPILE_PREFIX_HEADER = YES;
				GCC_PREFIX_HEADER = "Hello Chain/Hello Chain-Prefix.pch";
				INFOPLIST_FILE = "Hello Chain/Hello Chain-Info.plist";
				PRODUCT_NAME = "$(TARGET_NAME)";
				WRAPPER_EXTENSION = app;
			};
			name = Release;
		};
/* End XCBuildConfiguration section */

/* Begin XCConfigurationList section */
		C9FC5860193D3B4D0004D213 /* Build configuration list for PBXProject "Hello Chain" */ = {
			isa = XCConfigurationList;
			buildConfigurations = (
				C9FC5895193D3B4D0004D213 /* Debug */,
				C9FC5896193D3B4D0004D213 /* Release */,
			);
			defaultConfigurationIsVisible = 0;
			defaultConfigurationName = Release;
		};
		C9FC5897193D3B4D0004D213 /* Build configuration list for PBXNativeTarget "Hello Chain" */ = {
			isa = XCConfigurationList;
			buildConfigurations = (
				C9FC5898193D3B4D0004D213 /* Debug */,
				C9FC5899193D3B4D0004D213 /* Release */,
			);
			defaultConfigurationIsVisible = 0;
			defaultConfigurationName = Release;
		};
/* End XCConfigurationList section */
	};
	rootObject = C9FC585D193D3B4D0004D213 /* Project object */;
}
