PODS:
  - Chain (2.0.0):
    - CoreBitcoin (>= 0.5)
  - CoreBitcoin (0.5.1):
    - OpenSSL-Universal (= 1.0.1.h)
  - OpenSSL-Universal (1.0.1.h)

DEPENDENCIES:
  - Chain (from `../../`)

EXTERNAL SOURCES:
  Chain:
    :path: ../../

SPEC CHECKSUMS:
  Chain: 2b4690c9e6eb31c94c3cb8228a80b773bb1145cd
  CoreBitcoin: bc2471327cba281ecce4676d693fa9bbf7af1577
  OpenSSL-Universal: 9c112508615ed33bb35f730eed820e93175a9dec

COCOAPODS: 0.34.2
